{
  "name": "@client-zone/npm",
  "version": "0.2.1",
  "lockfileVersion": 3,
  "requires": true,
  "packages": {
    "": {
      "name": "@client-zone/npm",
      "version": "0.2.1",
      "license": "MIT",
      "dependencies": {
        "@client-zone/base": "^0.7.0",
        "array-back": "^6.2.2",
        "work": "^0.10.0"
      },
      "devDependencies": {},
      "engines": {
        "node": ">=12.17"
      }
    },
    "node_modules/@client-zone/base": {
      "version": "0.7.0",
      "resolved": "https://registry.npmjs.org/@client-zone/base/-/base-0.7.0.tgz",
      "integrity": "sha512-QVrGiOv3pit1EI6Y5xqicIdKNISkCtGfNGCQSbt1z6vee23VeE9m1eKnr5aJo3vqdjiifoUjvNmzgwzVGh+UtQ==",
      "license": "MIT",
      "engines": {
        "node": ">=18"
      }
    },
    "node_modules/array-back": {
      "version": "6.2.2",
      "resolved": "https://registry.npmjs.org/array-back/-/array-back-6.2.2.tgz",
      "integrity": "sha512-gUAZ7HPyb4SJczXAMUXMGAvI976JoK3qEx9v1FTmeYuJj0IBiaKttG1ydtGKdkfqWkIkouke7nG8ufGy77+Cvw==",
      "engines": {
        "node": ">=12.17"
      }
    },
    "node_modules/composite-class": {
      "version": "2.0.1",
      "resolved": "https://registry.npmjs.org/composite-class/-/composite-class-2.0.1.tgz",
      "integrity": "sha512-zEUaKe0wIkAMonjQPZPm4w7aylosaMjqGpHynYT2V05q02I93CWfBxp3kV2iB7anvc/aDvCJN36FzFco3c788A==",
      "engines": {
        "node": ">=10"
      }
    },
    "node_modules/create-mixin": {
      "version": "3.0.0",
      "resolved": "https://registry.npmjs.org/create-mixin/-/create-mixin-3.0.0.tgz",
      "integrity": "sha512-LkdMqnWT9LaqBN4huqpUnMz56Yr1mVSoCduAd2xXefgH/YZP2sXCMAyztXjk4q8hTF/TlcDa+zQW2aTgGdjjKQ==",
      "engines": {
        "node": ">=10"
      }
    },
    "node_modules/fsm-base": {
      "version": "0.7.0",
      "resolved": "https://registry.npmjs.org/fsm-base/-/fsm-base-0.7.0.tgz",
      "integrity": "sha512-qL/cAOixPK0DmwmZzwzSXPJ8fcetM5iuXF47g7OovQHPGE9gfZdPQklXY47gNZUIjDKan5P27GK5Jk0GC+4wDQ==",
      "dependencies": {
        "array-back": "^6.1.1",
        "obso": "^0.7.0"
      },
      "engines": {
        "node": ">=14"
      }
    },
    "node_modules/lodash.get": {
      "version": "4.4.2",
      "resolved": "https://registry.npmjs.org/lodash.get/-/lodash.get-4.4.2.tgz",
      "integrity": "sha512-z+Uw/vLuy6gQe8cfaFWD7p0wVv8fJl3mbzXh33RS+0oW2wvUqiRXiQ69gLWSLpgB5/6sU+r6BlQR0MBILadqTQ=="
    },
    "node_modules/obso": {
      "version": "0.7.0",
      "resolved": "https://registry.npmjs.org/obso/-/obso-0.7.0.tgz",
      "integrity": "sha512-iNEHV1r9hFfemR0jFUIxFxqkR9rcvY10C7U/LtKM2w5wS3nSLZEqRnfGY/P8cYzCXHTzTefxMYfnIJkssDhmAg==",
      "engines": {
        "node": ">=14"
      }
    },
    "node_modules/typical": {
      "version": "7.1.1",
      "resolved": "https://registry.npmjs.org/typical/-/typical-7.1.1.tgz",
      "integrity": "sha512-T+tKVNs6Wu7IWiAce5BgMd7OZfNYUndHwc5MknN+UHOudi7sGZzuHdCadllRuqJ3fPtgFtIH9+lt9qRv6lmpfA==",
      "engines": {
        "node": ">=12.17"
      }
    },
    "node_modules/work": {
      "version": "0.10.0",
      "resolved": "https://registry.npmjs.org/work/-/work-0.10.0.tgz",
      "integrity": "sha512-uYL2uu7ux7neqypl5fZBnCWQAZEWHnw7xIUZkY4kT0z9ukARmHCRbKMaNYAkIu+/IskguLQAyO4iMJtFZSednQ==",
      "dependencies": {
        "array-back": "^6.2.0",
        "composite-class": "^2.0.1",
        "create-mixin": "^3.0.0",
        "fsm-base": "^0.7.0",
        "lodash.get": "^4.4.2",
        "obso": "^0.7.0",
        "typical": "^7.1.1"
      },
      "engines": {
        "node": ">=12.17"
      }
    }
  }
}
